
Microsoft Visual Studio Solution File, Format Version 12.00
# Visual Studio Version 17
VisualStudioVersion = 17.6.33829.357
MinimumVisualStudioVersion = 10.0.40219.1
Project("{FAE04EC0-301F-11D3-BF4B-00C04F79EFBC}") = "LeaveManagement.Web", "LeaveManagement.Web\LeaveManagement.Web.csproj", "{8945886B-333E-4FCA-80F7-E3D82DF42D2F}"
EndProject
Global
	GlobalSection(SolutionConfigurationPlatforms) = preSolution
		Debug|Any CPU = Debug|Any CPU
		Release|Any CPU = Release|Any CPU
	EndGlobalSection
	GlobalSection(ProjectConfigurationPlatforms) = postSolution
		{8945886B-333E-4FCA-80F7-E3D82DF42D2F}.Debug|Any CPU.ActiveCfg = Debug|Any CPU
		{8945886B-333E-4FCA-80F7-E3D82DF42D2F}.Debug|Any CPU.Build.0 = Debug|Any CPU
		{8945886B-333E-4FCA-80F7-E3D82DF42D2F}.Release|Any CPU.ActiveCfg = Release|Any CPU
		{8945886B-333E-4FCA-80F7-E3D82DF42D2F}.Release|Any CPU.Build.0 = Release|Any CPU
	EndGlobalSection
	GlobalSection(SolutionProperties) = preSolution
		HideSolutionNode = FALSE
	EndGlobalSection
	GlobalSection(ExtensibilityGlobals) = postSolution
		SolutionGuid = {6A4264E7-18F9-4F0F-86D5-0EEFCB28934D}
	EndGlobalSection
EndGlobal
